// !$*UTF8*$!
{
	archiveVersion = 1;
	classes = {
	};
	objectVersion = 46;
	objects = {

/* Begin PBXBuildFile section */
		45D32FBE7B91440B8B49A089 /* Pods_GroverChallenge.framework in Frameworks */ = {isa = PBXBuildFile; fileRef = F7AB158973B36B07721508C5 /* Pods_GroverChallenge.framework */; };
		E326547C1F70651400EC3E96 /* PlaceViewController.swift in Sources */ = {isa = PBXBuildFile; fileRef = E326547B1F70651400EC3E96 /* PlaceViewController.swift */; };
		E326547E1F70661500EC3E96 /* PlaceCell.swift in Sources */ = {isa = PBXBuildFile; fileRef = E326547D1F70661500EC3E96 /* PlaceCell.swift */; };
		E32654811F7066AD00EC3E96 /* PlaceCell.xib in Resources */ = {isa = PBXBuildFile; fileRef = E32654801F7066AD00EC3E96 /* PlaceCell.xib */; };
		E32756441F6B038F00861777 /* AppDelegate.swift in Sources */ = {isa = PBXBuildFile; fileRef = E32756431F6B038F00861777 /* AppDelegate.swift */; };
		E32756491F6B038F00861777 /* Main.storyboard in Resources */ = {isa = PBXBuildFile; fileRef = E32756471F6B038F00861777 /* Main.storyboard */; };
		E327564C1F6B038F00861777 /* GroverChallenge.xcdatamodeld in Sources */ = {isa = PBXBuildFile; fileRef = E327564A1F6B038F00861777 /* GroverChallenge.xcdatamodeld */; };
		E327564E1F6B038F00861777 /* Assets.xcassets in Resources */ = {isa = PBXBuildFile; fileRef = E327564D1F6B038F00861777 /* Assets.xcassets */; };
		E32756511F6B038F00861777 /* LaunchScreen.storyboard in Resources */ = {isa = PBXBuildFile; fileRef = E327564F1F6B038F00861777 /* LaunchScreen.storyboard */; };
		E327565E1F6B044300861777 /* Store.swift in Sources */ = {isa = PBXBuildFile; fileRef = E327565D1F6B044300861777 /* Store.swift */; };
		E32756601F6B046500861777 /* Place.swift in Sources */ = {isa = PBXBuildFile; fileRef = E327565F1F6B046500861777 /* Place.swift */; };
		E32756631F6B05C100861777 /* Router.swift in Sources */ = {isa = PBXBuildFile; fileRef = E32756621F6B05C100861777 /* Router.swift */; };
		E32756681F6B138100861777 /* Errors.swift in Sources */ = {isa = PBXBuildFile; fileRef = E32756671F6B138100861777 /* Errors.swift */; };
		E327566E1F6D20FE00861777 /* LaunchViewController.swift in Sources */ = {isa = PBXBuildFile; fileRef = E327566D1F6D20FE00861777 /* LaunchViewController.swift */; };
		E374474E1F70447200BA4556 /* Configuration.swift in Sources */ = {isa = PBXBuildFile; fileRef = E374474D1F70447200BA4556 /* Configuration.swift */; };
		E37447501F70468300BA4556 /* Helpers.swift in Sources */ = {isa = PBXBuildFile; fileRef = E374474F1F70468300BA4556 /* Helpers.swift */; };
		E37447521F70531600BA4556 /* CDLocation+Location.swift in Sources */ = {isa = PBXBuildFile; fileRef = E37447511F70531600BA4556 /* CDLocation+Location.swift */; };
		E3A43DCD1F6F054200D9BF33 /* Extensions.swift in Sources */ = {isa = PBXBuildFile; fileRef = E3A43DCC1F6F054200D9BF33 /* Extensions.swift */; };
		E3C1A2D11F705CA0004358F1 /* PlacesViewController.swift in Sources */ = {isa = PBXBuildFile; fileRef = E3C1A2D01F705CA0004358F1 /* PlacesViewController.swift */; };
		E3CE2E561F6D41D300A540C3 /* CDPlace+Place.swift in Sources */ = {isa = PBXBuildFile; fileRef = E3CE2E551F6D41D300A540C3 /* CDPlace+Place.swift */; };
/* End PBXBuildFile section */

/* Begin PBXFileReference section */
		7B5588D1B5E9A39467FDA15A /* Pods-GroverChallenge.release.xcconfig */ = {isa = PBXFileReference; includeInIndex = 1; lastKnownFileType = text.xcconfig; name = "Pods-GroverChallenge.release.xcconfig"; path = "Pods/Target Support Files/Pods-GroverChallenge/Pods-GroverChallenge.release.xcconfig"; sourceTree = "<group>"; };
		C1B9200A9EFC96C40CB6829F /* Pods-GroverChallenge.debug.xcconfig */ = {isa = PBXFileReference; includeInIndex = 1; lastKnownFileType = text.xcconfig; name = "Pods-GroverChallenge.debug.xcconfig"; path = "Pods/Target Support Files/Pods-GroverChallenge/Pods-GroverChallenge.debug.xcconfig"; sourceTree = "<group>"; };
		E326547B1F70651400EC3E96 /* PlaceViewController.swift */ = {isa = PBXFileReference; fileEncoding = 4; lastKnownFileType = sourcecode.swift; path = PlaceViewController.swift; sourceTree = "<group>"; };
		E326547D1F70661500EC3E96 /* PlaceCell.swift */ = {isa = PBXFileReference; fileEncoding = 4; lastKnownFileType = sourcecode.swift; path = PlaceCell.swift; sourceTree = "<group>"; };
		E32654801F7066AD00EC3E96 /* PlaceCell.xib */ = {isa = PBXFileReference; fileEncoding = 4; lastKnownFileType = file.xib; path = PlaceCell.xib; sourceTree = "<group>"; };
		E32756401F6B038F00861777 /* GroverChallenge.app */ = {isa = PBXFileReference; explicitFileType = wrapper.application; includeInIndex = 0; path = GroverChallenge.app; sourceTree = BUILT_PRODUCTS_DIR; };
		E32756431F6B038F00861777 /* AppDelegate.swift */ = {isa = PBXFileReference; lastKnownFileType = sourcecode.swift; path = AppDelegate.swift; sourceTree = "<group>"; };
		E32756481F6B038F00861777 /* Base */ = {isa = PBXFileReference; lastKnownFileType = file.storyboard; name = Base; path = Base.lproj/Main.storyboard; sourceTree = "<group>"; };
		E327564B1F6B038F00861777 /* GroverChallenge.xcdatamodel */ = {isa = PBXFileReference; lastKnownFileType = wrapper.xcdatamodel; path = GroverChallenge.xcdatamodel; sourceTree = "<group>"; };
		E327564D1F6B038F00861777 /* Assets.xcassets */ = {isa = PBXFileReference; lastKnownFileType = folder.assetcatalog; path = Assets.xcassets; sourceTree = "<group>"; };
		E32756501F6B038F00861777 /* Base */ = {isa = PBXFileReference; lastKnownFileType = file.storyboard; name = Base; path = Base.lproj/LaunchScreen.storyboard; sourceTree = "<group>"; };
		E32756521F6B038F00861777 /* Info.plist */ = {isa = PBXFileReference; lastKnownFileType = text.plist.xml; path = Info.plist; sourceTree = "<group>"; };
		E327565D1F6B044300861777 /* Store.swift */ = {isa = PBXFileReference; fileEncoding = 4; lastKnownFileType = sourcecode.swift; path = Store.swift; sourceTree = "<group>"; };
		E327565F1F6B046500861777 /* Place.swift */ = {isa = PBXFileReference; fileEncoding = 4; lastKnownFileType = sourcecode.swift; path = Place.swift; sourceTree = "<group>"; };
		E32756621F6B05C100861777 /* Router.swift */ = {isa = PBXFileReference; fileEncoding = 4; lastKnownFileType = sourcecode.swift; path = Router.swift; sourceTree = "<group>"; };
		E32756671F6B138100861777 /* Errors.swift */ = {isa = PBXFileReference; fileEncoding = 4; lastKnownFileType = sourcecode.swift; path = Errors.swift; sourceTree = "<group>"; };
		E327566D1F6D20FE00861777 /* LaunchViewController.swift */ = {isa = PBXFileReference; fileEncoding = 4; lastKnownFileType = sourcecode.swift; path = LaunchViewController.swift; sourceTree = "<group>"; };
		E374474D1F70447200BA4556 /* Configuration.swift */ = {isa = PBXFileReference; fileEncoding = 4; lastKnownFileType = sourcecode.swift; path = Configuration.swift; sourceTree = "<group>"; };
		E374474F1F70468300BA4556 /* Helpers.swift */ = {isa = PBXFileReference; fileEncoding = 4; lastKnownFileType = sourcecode.swift; path = Helpers.swift; sourceTree = "<group>"; };
		E37447511F70531600BA4556 /* CDLocation+Location.swift */ = {isa = PBXFileReference; fileEncoding = 4; lastKnownFileType = sourcecode.swift; path = "CDLocation+Location.swift"; sourceTree = "<group>"; };
		E3A43DCC1F6F054200D9BF33 /* Extensions.swift */ = {isa = PBXFileReference; fileEncoding = 4; lastKnownFileType = sourcecode.swift; path = Extensions.swift; sourceTree = "<group>"; };
		E3C1A2D01F705CA0004358F1 /* PlacesViewController.swift */ = {isa = PBXFileReference; fileEncoding = 4; lastKnownFileType = sourcecode.swift; path = PlacesViewController.swift; sourceTree = "<group>"; };
		E3CE2E551F6D41D300A540C3 /* CDPlace+Place.swift */ = {isa = PBXFileReference; fileEncoding = 4; lastKnownFileType = sourcecode.swift; path = "CDPlace+Place.swift"; sourceTree = "<group>"; };
		F7AB158973B36B07721508C5 /* Pods_GroverChallenge.framework */ = {isa = PBXFileReference; explicitFileType = wrapper.framework; includeInIndex = 0; path = Pods_GroverChallenge.framework; sourceTree = BUILT_PRODUCTS_DIR; };
/* End PBXFileReference section */

/* Begin PBXFrameworksBuildPhase section */
		E327563D1F6B038F00861777 /* Frameworks */ = {
			isa = PBXFrameworksBuildPhase;
			buildActionMask = 2147483647;
			files = (
				45D32FBE7B91440B8B49A089 /* Pods_GroverChallenge.framework in Frameworks */,
			);
			runOnlyForDeploymentPostprocessing = 0;
		};
/* End PBXFrameworksBuildPhase section */

/* Begin PBXGroup section */
		6C0FFA539F9367595532B5E4 /* Pods */ = {
			isa = PBXGroup;
			children = (
				C1B9200A9EFC96C40CB6829F /* Pods-GroverChallenge.debug.xcconfig */,
				7B5588D1B5E9A39467FDA15A /* Pods-GroverChallenge.release.xcconfig */,
			);
			name = Pods;
			sourceTree = "<group>";
		};
		E326547F1F70661E00EC3E96 /* Views */ = {
			isa = PBXGroup;
			children = (
				E326547D1F70661500EC3E96 /* PlaceCell.swift */,
			);
			name = Views;
			sourceTree = "<group>";
		};
		E32654821F7066B600EC3E96 /* Views */ = {
			isa = PBXGroup;
			children = (
				E32654801F7066AD00EC3E96 /* PlaceCell.xib */,
			);
			name = Views;
			sourceTree = "<group>";
		};
		E32756371F6B038F00861777 = {
			isa = PBXGroup;
			children = (
				E32756421F6B038F00861777 /* GroverChallenge */,
				E32756411F6B038F00861777 /* Products */,
				6C0FFA539F9367595532B5E4 /* Pods */,
				FBA35BC328EF9D520596E787 /* Frameworks */,
			);
			sourceTree = "<group>";
		};
		E32756411F6B038F00861777 /* Products */ = {
			isa = PBXGroup;
			children = (
				E32756401F6B038F00861777 /* GroverChallenge.app */,
			);
			name = Products;
			sourceTree = "<group>";
		};
		E32756421F6B038F00861777 /* GroverChallenge */ = {
			isa = PBXGroup;
			children = (
				E32756641F6B060B00861777 /* API */,
				E32756581F6B03B400861777 /* App */,
				E327565A1F6B03D400861777 /* Controllers */,
				E327565C1F6B03F700861777 /* Data */,
				E327565B1F6B03EA00861777 /* Layouts */,
				E32756591F6B03C700861777 /* Resources */,
				E326547F1F70661E00EC3E96 /* Views */,
				E374474D1F70447200BA4556 /* Configuration.swift */,
				E32756671F6B138100861777 /* Errors.swift */,
				E3A43DCC1F6F054200D9BF33 /* Extensions.swift */,
				E374474F1F70468300BA4556 /* Helpers.swift */,
			);
			path = GroverChallenge;
			sourceTree = "<group>";
		};
		E32756581F6B03B400861777 /* App */ = {
			isa = PBXGroup;
			children = (
				E32756431F6B038F00861777 /* AppDelegate.swift */,
				E32756521F6B038F00861777 /* Info.plist */,
			);
			name = App;
			sourceTree = "<group>";
		};
		E32756591F6B03C700861777 /* Resources */ = {
			isa = PBXGroup;
			children = (
				E327564D1F6B038F00861777 /* Assets.xcassets */,
			);
			name = Resources;
			sourceTree = "<group>";
		};
		E327565A1F6B03D400861777 /* Controllers */ = {
			isa = PBXGroup;
			children = (
				E327566D1F6D20FE00861777 /* LaunchViewController.swift */,
				E3C1A2D01F705CA0004358F1 /* PlacesViewController.swift */,
				E326547B1F70651400EC3E96 /* PlaceViewController.swift */,
			);
			name = Controllers;
			sourceTree = "<group>";
		};
		E327565B1F6B03EA00861777 /* Layouts */ = {
			isa = PBXGroup;
			children = (
				E3A43DC91F6DBDCF00D9BF33 /* Storyboards */,
				E32654821F7066B600EC3E96 /* Views */,
			);
			name = Layouts;
			sourceTree = "<group>";
		};
		E327565C1F6B03F700861777 /* Data */ = {
			isa = PBXGroup;
			children = (
				E32756611F6B046A00861777 /* Models */,
				E327565D1F6B044300861777 /* Store.swift */,
			);
			name = Data;
			sourceTree = "<group>";
		};
		E32756611F6B046A00861777 /* Models */ = {
			isa = PBXGroup;
			children = (
				E37447511F70531600BA4556 /* CDLocation+Location.swift */,
				E3CE2E551F6D41D300A540C3 /* CDPlace+Place.swift */,
				E327565F1F6B046500861777 /* Place.swift */,
				E327564A1F6B038F00861777 /* GroverChallenge.xcdatamodeld */,
			);
			name = Models;
			sourceTree = "<group>";
		};
		E32756641F6B060B00861777 /* API */ = {
			isa = PBXGroup;
			children = (
				E32756621F6B05C100861777 /* Router.swift */,
			);
			name = API;
			sourceTree = "<group>";
		};
		E3A43DC91F6DBDCF00D9BF33 /* Storyboards */ = {
			isa = PBXGroup;
			children = (
				E327564F1F6B038F00861777 /* LaunchScreen.storyboard */,
				E32756471F6B038F00861777 /* Main.storyboard */,
			);
			name = Storyboards;
			sourceTree = "<group>";
		};
		FBA35BC328EF9D520596E787 /* Frameworks */ = {
			isa = PBXGroup;
			children = (
				F7AB158973B36B07721508C5 /* Pods_GroverChallenge.framework */,
			);
			name = Frameworks;
			sourceTree = "<group>";
		};
/* End PBXGroup section */

/* Begin PBXNativeTarget section */
		E327563F1F6B038F00861777 /* GroverChallenge */ = {
			isa = PBXNativeTarget;
			buildConfigurationList = E32756551F6B038F00861777 /* Build configuration list for PBXNativeTarget "GroverChallenge" */;
			buildPhases = (
				631DBDA9B9212C3FA4B714B9 /* [CP] Check Pods Manifest.lock */,
				E327563C1F6B038F00861777 /* Sources */,
				E327563D1F6B038F00861777 /* Frameworks */,
				E327563E1F6B038F00861777 /* Resources */,
				EC92992391F963C8AE3EA995 /* [CP] Embed Pods Frameworks */,
				707367E8E80A680C927EF054 /* [CP] Copy Pods Resources */,
			);
			buildRules = (
			);
			dependencies = (
			);
			name = GroverChallenge;
			productName = GroverChallenge;
			productReference = E32756401F6B038F00861777 /* GroverChallenge.app */;
			productType = "com.apple.product-type.application";
		};
/* End PBXNativeTarget section */

/* Begin PBXProject section */
		E32756381F6B038F00861777 /* Project object */ = {
			isa = PBXProject;
			attributes = {
				LastSwiftUpdateCheck = 0830;
				LastUpgradeCheck = 0830;
				ORGANIZATIONNAME = "Ronny Gerasch";
				TargetAttributes = {
					E327563F1F6B038F00861777 = {
						CreatedOnToolsVersion = 8.3.3;
						ProvisioningStyle = Manual;
					};
				};
			};
			buildConfigurationList = E327563B1F6B038F00861777 /* Build configuration list for PBXProject "GroverChallenge" */;
			compatibilityVersion = "Xcode 3.2";
			developmentRegion = English;
			hasScannedForEncodings = 0;
			knownRegions = (
				en,
				Base,
			);
			mainGroup = E32756371F6B038F00861777;
			productRefGroup = E32756411F6B038F00861777 /* Products */;
			projectDirPath = "";
			projectRoot = "";
			targets = (
				E327563F1F6B038F00861777 /* GroverChallenge */,
			);
		};
/* End PBXProject section */

/* Begin PBXResourcesBuildPhase section */
		E327563E1F6B038F00861777 /* Resources */ = {
			isa = PBXResourcesBuildPhase;
			buildActionMask = 2147483647;
			files = (
				E32756511F6B038F00861777 /* LaunchScreen.storyboard in Resources */,
				E327564E1F6B038F00861777 /* Assets.xcassets in Resources */,
				E32756491F6B038F00861777 /* Main.storyboard in Resources */,
				E32654811F7066AD00EC3E96 /* PlaceCell.xib in Resources */,
			);
			runOnlyForDeploymentPostprocessing = 0;
		};
/* End PBXResourcesBuildPhase section */

/* Begin PBXShellScriptBuildPhase section */
		631DBDA9B9212C3FA4B714B9 /* [CP] Check Pods Manifest.lock */ = {
			isa = PBXShellScriptBuildPhase;
			buildActionMask = 2147483647;
			files = (
			);
			inputPaths = (
				"${PODS_PODFILE_DIR_PATH}/Podfile.lock",
				"${PODS_ROOT}/Manifest.lock",
			);
			name = "[CP] Check Pods Manifest.lock";
			outputPaths = (
				"$(DERIVED_FILE_DIR)/Pods-GroverChallenge-checkManifestLockResult.txt",
			);
			runOnlyForDeploymentPostprocessing = 0;
			shellPath = /bin/sh;
			shellScript = "diff \"${PODS_PODFILE_DIR_PATH}/Podfile.lock\" \"${PODS_ROOT}/Manifest.lock\" > /dev/null\nif [ $? != 0 ] ; then\n    # print error to STDERR\n    echo \"error: The sandbox is not in sync with the Podfile.lock. Run 'pod install' or update your CocoaPods installation.\" >&2\n    exit 1\nfi\n# This output is used by Xcode 'outputs' to avoid re-running this script phase.\necho \"SUCCESS\" > \"${SCRIPT_OUTPUT_FILE_0}\"\n";
			showEnvVarsInLog = 0;
		};
		707367E8E80A680C927EF054 /* [CP] Copy Pods Resources */ = {
			isa = PBXShellScriptBuildPhase;
			buildActionMask = 2147483647;
			files = (
			);
			inputPaths = (
			);
			name = "[CP] Copy Pods Resources";
			outputPaths = (
			);
			runOnlyForDeploymentPostprocessing = 0;
			shellPath = /bin/sh;
			shellScript = "\"${SRCROOT}/Pods/Target Support Files/Pods-GroverChallenge/Pods-GroverChallenge-resources.sh\"\n";
			showEnvVarsInLog = 0;
		};
		EC92992391F963C8AE3EA995 /* [CP] Embed Pods Frameworks */ = {
			isa = PBXShellScriptBuildPhase;
			buildActionMask = 2147483647;
			files = (
			);
			inputPaths = (
				"${SRCROOT}/Pods/Target Support Files/Pods-GroverChallenge/Pods-GroverChallenge-frameworks.sh",
				"${BUILT_PRODUCTS_DIR}/FSPagerView/FSPagerView.framework",
			);
			name = "[CP] Embed Pods Frameworks";
			outputPaths = (
				"${TARGET_BUILD_DIR}/${FRAMEWORKS_FOLDER_PATH}/FSPagerView.framework",
			);
			runOnlyForDeploymentPostprocessing = 0;
			shellPath = /bin/sh;
			shellScript = "\"${SRCROOT}/Pods/Target Support Files/Pods-GroverChallenge/Pods-GroverChallenge-frameworks.sh\"\n";
			showEnvVarsInLog = 0;
		};
/* End PBXShellScriptBuildPhase section */

/* Begin PBXSourcesBuildPhase section */
		E327563C1F6B038F00861777 /* Sources */ = {
			isa = PBXSourcesBuildPhase;
			buildActionMask = 2147483647;
			files = (
				E327564C1F6B038F00861777 /* GroverChallenge.xcdatamodeld in Sources */,
				E327566E1F6D20FE00861777 /* LaunchViewController.swift in Sources */,
				E374474E1F70447200BA4556 /* Configuration.swift in Sources */,
				E32756441F6B038F00861777 /* AppDelegate.swift in Sources */,
				E327565E1F6B044300861777 /* Store.swift in Sources */,
				E37447521F70531600BA4556 /* CDLocation+Location.swift in Sources */,
				E32756681F6B138100861777 /* Errors.swift in Sources */,
				E3C1A2D11F705CA0004358F1 /* PlacesViewController.swift in Sources */,
				E3CE2E561F6D41D300A540C3 /* CDPlace+Place.swift in Sources */,
				E3A43DCD1F6F054200D9BF33 /* Extensions.swift in Sources */,
				E326547C1F70651400EC3E96 /* PlaceViewController.swift in Sources */,
				E326547E1F70661500EC3E96 /* PlaceCell.swift in Sources */,
				E32756631F6B05C100861777 /* Router.swift in Sources */,
				E32756601F6B046500861777 /* Place.swift in Sources */,
				E37447501F70468300BA4556 /* Helpers.swift in Sources */,
			);
			runOnlyForDeploymentPostprocessing = 0;
		};
/* End PBXSourcesBuildPhase section */

/* Begin PBXVariantGroup section */
		E32756471F6B038F00861777 /* Main.storyboard */ = {
			isa = PBXVariantGroup;
			children = (
				E32756481F6B038F00861777 /* Base */,
			);
			name = Main.storyboard;
			sourceTree = "<group>";
		};
		E327564F1F6B038F00861777 /* LaunchScreen.storyboard */ = {
			isa = PBXVariantGroup;
			children = (
				E32756501F6B038F00861777 /* Base */,
			);
			name = LaunchScreen.storyboard;
			sourceTree = "<group>";
		};
/* End PBXVariantGroup section */

/* Begin XCBuildConfiguration section */
		E32756531F6B038F00861777 /* Debug */ = {
			isa = XCBuildConfiguration;
			buildSettings = {
				ALWAYS_SEARCH_USER_PATHS = NO;
				CLANG_ANALYZER_NONNULL = YES;
				CLANG_ANALYZER_NUMBER_OBJECT_CONVERSION = YES_AGGRESSIVE;
				CLANG_CXX_LANGUAGE_STANDARD = "gnu++0x";
				CLANG_CXX_LIBRARY = "libc++";
				CLANG_ENABLE_MODULES = YES;
				CLANG_ENABLE_OBJC_ARC = YES;
				CLANG_WARN_BOOL_CONVERSION = YES;
				CLANG_WARN_CONSTANT_CONVERSION = YES;
				CLANG_WARN_DIRECT_OBJC_ISA_USAGE = YES_ERROR;
				CLANG_WARN_DOCUMENTATION_COMMENTS = YES;
				CLANG_WARN_EMPTY_BODY = YES;
				CLANG_WARN_ENUM_CONVERSION = YES;
				CLANG_WARN_INFINITE_RECURSION = YES;
				CLANG_WARN_INT_CONVERSION = YES;
				CLANG_WARN_OBJC_ROOT_CLASS = YES_ERROR;
				CLANG_WARN_SUSPICIOUS_MOVE = YES;
				CLANG_WARN_UNREACHABLE_CODE = YES;
				CLANG_WARN__DUPLICATE_METHOD_MATCH = YES;
				"CODE_SIGN_IDENTITY[sdk=iphoneos*]" = "iPhone Developer";
				COPY_PHASE_STRIP = NO;
				DEBUG_INFORMATION_FORMAT = dwarf;
				ENABLE_STRICT_OBJC_MSGSEND = YES;
				ENABLE_TESTABILITY = YES;
				GCC_C_LANGUAGE_STANDARD = gnu99;
				GCC_DYNAMIC_NO_PIC = NO;
				GCC_NO_COMMON_BLOCKS = YES;
				GCC_OPTIMIZATION_LEVEL = 0;
				GCC_PREPROCESSOR_DEFINITIONS = (
					"DEBUG=1",
					"$(inherited)",
				);
				GCC_WARN_64_TO_32_BIT_CONVERSION = YES;
				GCC_WARN_ABOUT_RETURN_TYPE = YES_ERROR;
				GCC_WARN_UNDECLARED_SELECTOR = YES;
				GCC_WARN_UNINITIALIZED_AUTOS = YES_AGGRESSIVE;
				GCC_WARN_UNUSED_FUNCTION = YES;
				GCC_WARN_UNUSED_VARIABLE = YES;
				IPHONEOS_DEPLOYMENT_TARGET = 10.3;
				MTL_ENABLE_DEBUG_INFO = YES;
				ONLY_ACTIVE_ARCH = YES;
				SDKROOT = iphoneos;
				SWIFT_ACTIVE_COMPILATION_CONDITIONS = DEBUG;
				SWIFT_OPTIMIZATION_LEVEL = "-Onone";
				TARGETED_DEVICE_FAMILY = "1,2";
			};
			name = Debug;
		};
		E32756541F6B038F00861777 /* Release */ = {
			isa = XCBuildConfiguration;
			buildSettings = {
				ALWAYS_SEARCH_USER_PATHS = NO;
				CLANG_ANALYZER_NONNULL = YES;
				CLANG_ANALYZER_NUMBER_OBJECT_CONVERSION = YES_AGGRESSIVE;
				CLANG_CXX_LANGUAGE_STANDARD = "gnu++0x";
				CLANG_CXX_LIBRARY = "libc++";
				CLANG_ENABLE_MODULES = YES;
				CLANG_ENABLE_OBJC_ARC = YES;
				CLANG_WARN_BOOL_CONVERSION = YES;
				CLANG_WARN_CONSTANT_CONVERSION = YES;
				CLANG_WARN_DIRECT_OBJC_ISA_USAGE = YES_ERROR;
				CLANG_WARN_DOCUMENTATION_COMMENTS = YES;
				CLANG_WARN_EMPTY_BODY = YES;
				CLANG_WARN_ENUM_CONVERSION = YES;
				CLANG_WARN_INFINITE_RECURSION = YES;
				CLANG_WARN_INT_CONVERSION = YES;
				CLANG_WARN_OBJC_ROOT_CLASS = YES_ERROR;
				CLANG_WARN_SUSPICIOUS_MOVE = YES;
				CLANG_WARN_UNREACHABLE_CODE = YES;
				CLANG_WARN__DUPLICATE_METHOD_MATCH = YES;
				"CODE_SIGN_IDENTITY[sdk=iphoneos*]" = "iPhone Developer";
				COPY_PHASE_STRIP = NO;
				DEBUG_INFORMATION_FORMAT = "dwarf-with-dsym";
				ENABLE_NS_ASSERTIONS = NO;
				ENABLE_STRICT_OBJC_MSGSEND = YES;
				GCC_C_LANGUAGE_STANDARD = gnu99;
				GCC_NO_COMMON_BLOCKS = YES;
				GCC_WARN_64_TO_32_BIT_CONVERSION = YES;
				GCC_WARN_ABOUT_RETURN_TYPE = YES_ERROR;
				GCC_WARN_UNDECLARED_SELECTOR = YES;
				GCC_WARN_UNINITIALIZED_AUTOS = YES_AGGRESSIVE;
				GCC_WARN_UNUSED_FUNCTION = YES;
				GCC_WARN_UNUSED_VARIABLE = YES;
				IPHONEOS_DEPLOYMENT_TARGET = 10.3;
				MTL_ENABLE_DEBUG_INFO = NO;
				SDKROOT = iphoneos;
				SWIFT_OPTIMIZATION_LEVEL = "-Owholemodule";
				TARGETED_DEVICE_FAMILY = "1,2";
				VALIDATE_PRODUCT = YES;
			};
			name = Release;
		};
		E32756561F6B038F00861777 /* Debug */ = {
			isa = XCBuildConfiguration;
			baseConfigurationReference = C1B9200A9EFC96C40CB6829F /* Pods-GroverChallenge.debug.xcconfig */;
			buildSettings = {
				ASSETCATALOG_COMPILER_APPICON_NAME = AppIcon;
				"CODE_SIGN_IDENTITY[sdk=iphoneos*]" = "iPhone Developer";
				DEVELOPMENT_TEAM = "";
				INFOPLIST_FILE = GroverChallenge/Info.plist;
				IPHONEOS_DEPLOYMENT_TARGET = 10.0;
				LD_RUNPATH_SEARCH_PATHS = "$(inherited) @executable_path/Frameworks";
				PRODUCT_BUNDLE_IDENTIFIER = ergoon.GroverChallenge;
				PRODUCT_NAME = "$(TARGET_NAME)";
				PROVISIONING_PROFILE_SPECIFIER = "";
				SWIFT_VERSION = 3.0;
			};
			name = Debug;
		};
		E32756571F6B038F00861777 /* Release */ = {
			isa = XCBuildConfiguration;
			baseConfigurationReference = 7B5588D1B5E9A39467FDA15A /* Pods-GroverChallenge.release.xcconfig */;
			buildSettings = {
				ASSETCATALOG_COMPILER_APPICON_NAME = AppIcon;
				"CODE_SIGN_IDENTITY[sdk=iphoneos*]" = "iPhone Developer";
				DEVELOPMENT_TEAM = "";
				INFOPLIST_FILE = GroverChallenge/Info.plist;
				IPHONEOS_DEPLOYMENT_TARGET = 10.0;
				LD_RUNPATH_SEARCH_PATHS = "$(inherited) @executable_path/Frameworks";
				PRODUCT_BUNDLE_IDENTIFIER = ergoon.GroverChallenge;
				PRODUCT_NAME = "$(TARGET_NAME)";
				PROVISIONING_PROFILE_SPECIFIER = "";
				SWIFT_VERSION = 3.0;
			};
			name = Release;
		};
/* End XCBuildConfiguration section */

/* Begin XCConfigurationList section */
		E327563B1F6B038F00861777 /* Build configuration list for PBXProject "GroverChallenge" */ = {
			isa = XCConfigurationList;
			buildConfigurations = (
				E32756531F6B038F00861777 /* Debug */,
				E32756541F6B038F00861777 /* Release */,
			);
			defaultConfigurationIsVisible = 0;
			defaultConfigurationName = Release;
		};
		E32756551F6B038F00861777 /* Build configuration list for PBXNativeTarget "GroverChallenge" */ = {
			isa = XCConfigurationList;
			buildConfigurations = (
				E32756561F6B038F00861777 /* Debug */,
				E32756571F6B038F00861777 /* Release */,
			);
			defaultConfigurationIsVisible = 0;
			defaultConfigurationName = Release;
		};
/* End XCConfigurationList section */

/* Begin XCVersionGroup section */
		E327564A1F6B038F00861777 /* GroverChallenge.xcdatamodeld */ = {
			isa = XCVersionGroup;
			children = (
				E327564B1F6B038F00861777 /* GroverChallenge.xcdatamodel */,
			);
			currentVersion = E327564B1F6B038F00861777 /* GroverChallenge.xcdatamodel */;
			path = GroverChallenge.xcdatamodeld;
			sourceTree = "<group>";
			versionGroupType = wrapper.xcdatamodel;
		};
/* End XCVersionGroup section */
	};
	rootObject = E32756381F6B038F00861777 /* Project object */;
}
